
Microsoft Visual Studio Solution File, Format Version 12.00
# Visual Studio Version 16
VisualStudioVersion = 16.0.31005.135
MinimumVisualStudioVersion = 10.0.40219.1
Project("{FAE04EC0-301F-11D3-BF4B-00C04F79EFBC}") = "SearchForm", "SearchForm.csproj", "{B1F997EF-F1E4-42CA-A189-28B92F245F34}"
EndProject
Global
	GlobalSection(SolutionConfigurationPlatforms) = preSolution
		Debug|Any CPU = Debug|Any CPU
		Release|Any CPU = Release|Any CPU
	EndGlobalSection
	GlobalSection(ProjectConfigurationPlatforms) = postSolution
		{B1F997EF-F1E4-42CA-A189-28B92F245F34}.Debug|Any CPU.ActiveCfg = Debug|Any CPU
		{B1F997EF-F1E4-42CA-A189-28B92F245F34}.Debug|Any CPU.Build.0 = Debug|Any CPU
		{B1F997EF-F1E4-42CA-A189-28B92F245F34}.Release|Any CPU.ActiveCfg = Release|Any CPU
		{B1F997EF-F1E4-42CA-A189-28B92F245F34}.Release|Any CPU.Build.0 = Release|Any CPU
	EndGlobalSection
	GlobalSection(SolutionProperties) = preSolution
		HideSolutionNode = FALSE
	EndGlobalSection
	GlobalSection(ExtensibilityGlobals) = postSolution
		SolutionGuid = {60650CF4-506E-448A-A0E2-8078092C546F}
	EndGlobalSection
EndGlobal
